
Microsoft Visual Studio Solution File, Format Version 12.00
# Visual Studio Version 16
VisualStudioVersion = 16.0.31205.134
MinimumVisualStudioVersion = 10.0.40219.1
Project("{8BC9CEB8-8B4A-11D0-8D11-00A0C91BC942}") = "rudder control", "rudder control\rudder control.vcxproj", "{4843DEEE-0A3F-4450-98A9-7E1EF51D7694}"
EndProject
Project("{8BC9CEB8-8B4A-11D0-8D11-00A0C91BC942}") = "rudder_control_2", "rudder_control_2\rudder_control_2.vcxproj", "{2000F440-CF81-4FD3-9EEB-1EB2CBB19FE9}"
EndProject
Project("{8BC9CEB8-8B4A-11D0-8D11-00A0C91BC942}") = "obstacle avoidance game", "obstacle avoidance game\obstacle avoidance game.vcxproj", "{30ACFF39-FC7F-43E2-86AF-50D88EF9344F}"
EndProject
Global
	GlobalSection(SolutionConfigurationPlatforms) = preSolution
		Debug|x64 = Debug|x64
		Debug|x86 = Debug|x86
		Release|x64 = Release|x64
		Release|x86 = Release|x86
	EndGlobalSection
	GlobalSection(ProjectConfigurationPlatforms) = postSolution
		{4843DEEE-0A3F-4450-98A9-7E1EF51D7694}.Debug|x64.ActiveCfg = Debug|x64
		{4843DEEE-0A3F-4450-98A9-7E1EF51D7694}.Debug|x64.Build.0 = Debug|x64
		{4843DEEE-0A3F-4450-98A9-7E1EF51D7694}.Debug|x86.ActiveCfg = Debug|Win32
		{4843DEEE-0A3F-4450-98A9-7E1EF51D7694}.Debug|x86.Build.0 = Debug|Win32
		{4843DEEE-0A3F-4450-98A9-7E1EF51D7694}.Release|x64.ActiveCfg = Release|x64
		{4843DEEE-0A3F-4450-98A9-7E1EF51D7694}.Release|x64.Build.0 = Release|x64
		{4843DEEE-0A3F-4450-98A9-7E1EF51D7694}.Release|x86.ActiveCfg = Release|Win32
		{4843DEEE-0A3F-4450-98A9-7E1EF51D7694}.Release|x86.Build.0 = Release|Win32
		{2000F440-CF81-4FD3-9EEB-1EB2CBB19FE9}.Debug|x64.ActiveCfg = Debug|x64
		{2000F440-CF81-4FD3-9EEB-1EB2CBB19FE9}.Debug|x64.Build.0 = Debug|x64
		{2000F440-CF81-4FD3-9EEB-1EB2CBB19FE9}.Debug|x86.ActiveCfg = Debug|Win32
		{2000F440-CF81-4FD3-9EEB-1EB2CBB19FE9}.Debug|x86.Build.0 = Debug|Win32
		{2000F440-CF81-4FD3-9EEB-1EB2CBB19FE9}.Release|x64.ActiveCfg = Release|x64
		{2000F440-CF81-4FD3-9EEB-1EB2CBB19FE9}.Release|x64.Build.0 = Release|x64
		{2000F440-CF81-4FD3-9EEB-1EB2CBB19FE9}.Release|x86.ActiveCfg = Release|Win32
		{2000F440-CF81-4FD3-9EEB-1EB2CBB19FE9}.Release|x86.Build.0 = Release|Win32
		{30ACFF39-FC7F-43E2-86AF-50D88EF9344F}.Debug|x64.ActiveCfg = Debug|x64
		{30ACFF39-FC7F-43E2-86AF-50D88EF9344F}.Debug|x64.Build.0 = Debug|x64
		{30ACFF39-FC7F-43E2-86AF-50D88EF9344F}.Debug|x86.ActiveCfg = Debug|Win32
		{30ACFF39-FC7F-43E2-86AF-50D88EF9344F}.Debug|x86.Build.0 = Debug|Win32
		{30ACFF39-FC7F-43E2-86AF-50D88EF9344F}.Release|x64.ActiveCfg = Release|x64
		{30ACFF39-FC7F-43E2-86AF-50D88EF9344F}.Release|x64.Build.0 = Release|x64
		{30ACFF39-FC7F-43E2-86AF-50D88EF9344F}.Release|x86.ActiveCfg = Release|Win32
		{30ACFF39-FC7F-43E2-86AF-50D88EF9344F}.Release|x86.Build.0 = Release|Win32
	EndGlobalSection
	GlobalSection(SolutionProperties) = preSolution
		HideSolutionNode = FALSE
	EndGlobalSection
	GlobalSection(ExtensibilityGlobals) = postSolution
		SolutionGuid = {0DB639FA-6709-4906-9B89-5AEC55967783}
	EndGlobalSection
EndGlobal
